# This file is generated by running "yarn install" inside your project.
# Manual changes might be lost - proceed with caution!

__metadata:
  version: 8
  cacheKey: 10c0

"decimal.js@npm:^10.4.3":
  version: 10.4.3
  resolution: "decimal.js@npm:10.4.3"
  checksum: 10c0/6d60206689ff0911f0ce968d40f163304a6c1bc739927758e6efc7921cfa630130388966f16bf6ef6b838cb33679fbe8e7a78a2f3c478afce841fd55ac8fb8ee
  languageName: node
  linkType: hard

"fast-json-stable-stringify@npm:^2.1.0":
  version: 2.1.0
  resolution: "fast-json-stable-stringify@npm:2.1.0"
  checksum: 10c0/7f081eb0b8a64e0057b3bb03f974b3ef00135fbf36c1c710895cd9300f13c94ba809bb3a81cf4e1b03f6e5285610a61abbd7602d0652de423144dfee5a389c9b
  languageName: node
  linkType: hard

"fictional@workspace:.":
  version: 0.0.0-use.local
  resolution: "fictional@workspace:."
  dependencies:
    decimal.js: "npm:^10.4.3"
    fast-json-stable-stringify: "npm:^2.1.0"
    fnv-plus: "npm:^1.3.1"
    siphash: "npm:^1.1.0"
  languageName: unknown
  linkType: soft

"fnv-plus@npm:^1.3.1":
  version: 1.3.1
  resolution: "fnv-plus@npm:1.3.1"
  checksum: 10c0/770b253629c8e27cff3d94e68fbb94069daeac2b1df833bb03afb280c869ad43b40ecec0fe3a9b6745fa8e549b6c9b4bb6019311cf6d100b8df38497a3d2c258
  languageName: node
  linkType: hard

"siphash@npm:^1.1.0":
  version: 1.1.0
  resolution: "siphash@npm:1.1.0"
  checksum: 10c0/e015d0127adb1805183c3db15b50c0ae09115ada9adf325941ed66ea1db155665071daccd28f09b7963bf61985419a8dbc44a3e98176717c298ba6124c293012
  languageName: node
  linkType: hard
